// !$*UTF8*$!
{
	archiveVersion = 1;
	classes = {
	};
	objectVersion = 51;
	objects = {

/* Begin PBXBuildFile section */
		54A7272226627EAF0085E3EC /* Memo.swift in Sources */ = {isa = PBXBuildFile; fileRef = 54A7272126627EAF0085E3EC /* Memo.swift */; };
		54A7272526627F790085E3EC /* MemoStorageType.swift in Sources */ = {isa = PBXBuildFile; fileRef = 54A7272426627F790085E3EC /* MemoStorageType.swift */; };
		54A7272A266280400085E3EC /* MemoryStorage.swift in Sources */ = {isa = PBXBuildFile; fileRef = 54A72729266280400085E3EC /* MemoryStorage.swift */; };
		54A7272E266285C70085E3EC /* MemoListViewController.swift in Sources */ = {isa = PBXBuildFile; fileRef = 54A7272D266285C70085E3EC /* MemoListViewController.swift */; };
		54A72731266285EB0085E3EC /* MemoDetailViewController.swift in Sources */ = {isa = PBXBuildFile; fileRef = 54A72730266285EB0085E3EC /* MemoDetailViewController.swift */; };
		54A72734266286080085E3EC /* MemoComposeViewController.swift in Sources */ = {isa = PBXBuildFile; fileRef = 54A72733266286080085E3EC /* MemoComposeViewController.swift */; };
		54A72737266286950085E3EC /* MemoListViewModel.swift in Sources */ = {isa = PBXBuildFile; fileRef = 54A72736266286950085E3EC /* MemoListViewModel.swift */; };
		54A7273A266286C10085E3EC /* MemoDetailViewModel.swift in Sources */ = {isa = PBXBuildFile; fileRef = 54A72739266286C10085E3EC /* MemoDetailViewModel.swift */; };
		54A7273D266286CD0085E3EC /* MemoComposeViewModel.swift in Sources */ = {isa = PBXBuildFile; fileRef = 54A7273C266286CD0085E3EC /* MemoComposeViewModel.swift */; };
		54A72740266287410085E3EC /* ViewModelBindableType.swift in Sources */ = {isa = PBXBuildFile; fileRef = 54A7273F266287410085E3EC /* ViewModelBindableType.swift */; };
		54FB59C726623F15005209DE /* AppDelegate.swift in Sources */ = {isa = PBXBuildFile; fileRef = 54FB59C626623F15005209DE /* AppDelegate.swift */; };
		54FB59C926623F15005209DE /* SceneDelegate.swift in Sources */ = {isa = PBXBuildFile; fileRef = 54FB59C826623F15005209DE /* SceneDelegate.swift */; };
		54FB59CE26623F15005209DE /* Main.storyboard in Resources */ = {isa = PBXBuildFile; fileRef = 54FB59CC26623F15005209DE /* Main.storyboard */; };
		54FB59D126623F15005209DE /* RxMemo_.xcdatamodeld in Sources */ = {isa = PBXBuildFile; fileRef = 54FB59CF26623F15005209DE /* RxMemo_.xcdatamodeld */; };
		54FB59D326623F17005209DE /* Assets.xcassets in Resources */ = {isa = PBXBuildFile; fileRef = 54FB59D226623F17005209DE /* Assets.xcassets */; };
		54FB59D626623F17005209DE /* LaunchScreen.storyboard in Resources */ = {isa = PBXBuildFile; fileRef = 54FB59D426623F17005209DE /* LaunchScreen.storyboard */; };
		CC591B32ABD924CC4845CE80 /* Pods_RxMemo_.framework in Frameworks */ = {isa = PBXBuildFile; fileRef = D6FC2801682DEAF34B8AA708 /* Pods_RxMemo_.framework */; };
/* End PBXBuildFile section */

/* Begin PBXFileReference section */
		256A93777B5DAF775B443C9C /* Pods-RxMemo!.release.xcconfig */ = {isa = PBXFileReference; includeInIndex = 1; lastKnownFileType = text.xcconfig; name = "Pods-RxMemo!.release.xcconfig"; path = "Target Support Files/Pods-RxMemo!/Pods-RxMemo!.release.xcconfig"; sourceTree = "<group>"; };
		259FDA2D7D5A589B38E306C9 /* Pods-RxMemo!.debug.xcconfig */ = {isa = PBXFileReference; includeInIndex = 1; lastKnownFileType = text.xcconfig; name = "Pods-RxMemo!.debug.xcconfig"; path = "Target Support Files/Pods-RxMemo!/Pods-RxMemo!.debug.xcconfig"; sourceTree = "<group>"; };
		54A7272126627EAF0085E3EC /* Memo.swift */ = {isa = PBXFileReference; lastKnownFileType = sourcecode.swift; path = Memo.swift; sourceTree = "<group>"; };
		54A7272426627F790085E3EC /* MemoStorageType.swift */ = {isa = PBXFileReference; lastKnownFileType = sourcecode.swift; path = MemoStorageType.swift; sourceTree = "<group>"; };
		54A72729266280400085E3EC /* MemoryStorage.swift */ = {isa = PBXFileReference; lastKnownFileType = sourcecode.swift; path = MemoryStorage.swift; sourceTree = "<group>"; };
		54A7272D266285C70085E3EC /* MemoListViewController.swift */ = {isa = PBXFileReference; lastKnownFileType = sourcecode.swift; path = MemoListViewController.swift; sourceTree = "<group>"; };
		54A72730266285EB0085E3EC /* MemoDetailViewController.swift */ = {isa = PBXFileReference; lastKnownFileType = sourcecode.swift; path = MemoDetailViewController.swift; sourceTree = "<group>"; };
		54A72733266286080085E3EC /* MemoComposeViewController.swift */ = {isa = PBXFileReference; lastKnownFileType = sourcecode.swift; path = MemoComposeViewController.swift; sourceTree = "<group>"; };
		54A72736266286950085E3EC /* MemoListViewModel.swift */ = {isa = PBXFileReference; lastKnownFileType = sourcecode.swift; path = MemoListViewModel.swift; sourceTree = "<group>"; };
		54A72739266286C10085E3EC /* MemoDetailViewModel.swift */ = {isa = PBXFileReference; lastKnownFileType = sourcecode.swift; path = MemoDetailViewModel.swift; sourceTree = "<group>"; };
		54A7273C266286CD0085E3EC /* MemoComposeViewModel.swift */ = {isa = PBXFileReference; lastKnownFileType = sourcecode.swift; path = MemoComposeViewModel.swift; sourceTree = "<group>"; };
		54A7273F266287410085E3EC /* ViewModelBindableType.swift */ = {isa = PBXFileReference; lastKnownFileType = sourcecode.swift; path = ViewModelBindableType.swift; sourceTree = "<group>"; };
		54FB59C326623F15005209DE /* RxMemo!.app */ = {isa = PBXFileReference; explicitFileType = wrapper.application; includeInIndex = 0; path = "RxMemo!.app"; sourceTree = BUILT_PRODUCTS_DIR; };
		54FB59C626623F15005209DE /* AppDelegate.swift */ = {isa = PBXFileReference; lastKnownFileType = sourcecode.swift; path = AppDelegate.swift; sourceTree = "<group>"; };
		54FB59C826623F15005209DE /* SceneDelegate.swift */ = {isa = PBXFileReference; lastKnownFileType = sourcecode.swift; path = SceneDelegate.swift; sourceTree = "<group>"; };
		54FB59CD26623F15005209DE /* Base */ = {isa = PBXFileReference; lastKnownFileType = file.storyboard; name = Base; path = Base.lproj/Main.storyboard; sourceTree = "<group>"; };
		54FB59D026623F15005209DE /* RxMemo_.xcdatamodel */ = {isa = PBXFileReference; lastKnownFileType = wrapper.xcdatamodel; path = RxMemo_.xcdatamodel; sourceTree = "<group>"; };
		54FB59D226623F17005209DE /* Assets.xcassets */ = {isa = PBXFileReference; lastKnownFileType = folder.assetcatalog; path = Assets.xcassets; sourceTree = "<group>"; };
		54FB59D526623F17005209DE /* Base */ = {isa = PBXFileReference; lastKnownFileType = file.storyboard; name = Base; path = Base.lproj/LaunchScreen.storyboard; sourceTree = "<group>"; };
		54FB59D726623F17005209DE /* Info.plist */ = {isa = PBXFileReference; lastKnownFileType = text.plist.xml; path = Info.plist; sourceTree = "<group>"; };
		D6FC2801682DEAF34B8AA708 /* Pods_RxMemo_.framework */ = {isa = PBXFileReference; explicitFileType = wrapper.framework; includeInIndex = 0; path = Pods_RxMemo_.framework; sourceTree = BUILT_PRODUCTS_DIR; };
/* End PBXFileReference section */

/* Begin PBXFrameworksBuildPhase section */
		54FB59C026623F15005209DE /* Frameworks */ = {
			isa = PBXFrameworksBuildPhase;
			buildActionMask = 2147483647;
			files = (
				CC591B32ABD924CC4845CE80 /* Pods_RxMemo_.framework in Frameworks */,
			);
			runOnlyForDeploymentPostprocessing = 0;
		};
/* End PBXFrameworksBuildPhase section */

/* Begin PBXGroup section */
		3EFD60285D2165230D37FA3D /* Pods */ = {
			isa = PBXGroup;
			children = (
				259FDA2D7D5A589B38E306C9 /* Pods-RxMemo!.debug.xcconfig */,
				256A93777B5DAF775B443C9C /* Pods-RxMemo!.release.xcconfig */,
			);
			path = Pods;
			sourceTree = "<group>";
		};
		54A7271B26627CC30085E3EC /* Model */ = {
			isa = PBXGroup;
			children = (
				54A7272126627EAF0085E3EC /* Memo.swift */,
			);
			path = Model;
			sourceTree = "<group>";
		};
		54A7271C26627CD70085E3EC /* ViewController */ = {
			isa = PBXGroup;
			children = (
				54FB59CC26623F15005209DE /* Main.storyboard */,
				54FB59D426623F17005209DE /* LaunchScreen.storyboard */,
				54A7272D266285C70085E3EC /* MemoListViewController.swift */,
				54A72730266285EB0085E3EC /* MemoDetailViewController.swift */,
				54A72733266286080085E3EC /* MemoComposeViewController.swift */,
				54A7273F266287410085E3EC /* ViewModelBindableType.swift */,
			);
			path = ViewController;
			sourceTree = "<group>";
		};
		54A7271D26627CEC0085E3EC /* ViewModel */ = {
			isa = PBXGroup;
			children = (
				54A72736266286950085E3EC /* MemoListViewModel.swift */,
				54A72739266286C10085E3EC /* MemoDetailViewModel.swift */,
				54A7273C266286CD0085E3EC /* MemoComposeViewModel.swift */,
			);
			path = ViewModel;
			sourceTree = "<group>";
		};
		54A7271E26627D010085E3EC /* Service */ = {
			isa = PBXGroup;
			children = (
				54A727282662801D0085E3EC /* CoreDataStorage */,
				54A7272726627FF80085E3EC /* MemoStorage */,
				54A7272426627F790085E3EC /* MemoStorageType.swift */,
			);
			path = Service;
			sourceTree = "<group>";
		};
		54A7271F26627D150085E3EC /* Scene */ = {
			isa = PBXGroup;
			children = (
			);
			path = Scene;
			sourceTree = "<group>";
		};
		54A7272726627FF80085E3EC /* MemoStorage */ = {
			isa = PBXGroup;
			children = (
				54A72729266280400085E3EC /* MemoryStorage.swift */,
			);
			path = MemoStorage;
			sourceTree = "<group>";
		};
		54A727282662801D0085E3EC /* CoreDataStorage */ = {
			isa = PBXGroup;
			children = (
				54FB59CF26623F15005209DE /* RxMemo_.xcdatamodeld */,
			);
			path = CoreDataStorage;
			sourceTree = "<group>";
		};
		54FB59BA26623F15005209DE = {
			isa = PBXGroup;
			children = (
				54FB59C526623F15005209DE /* RxMemo! */,
				54FB59C426623F15005209DE /* Products */,
				3EFD60285D2165230D37FA3D /* Pods */,
				7503C9B107FF2C0A424F80AB /* Frameworks */,
			);
			sourceTree = "<group>";
		};
		54FB59C426623F15005209DE /* Products */ = {
			isa = PBXGroup;
			children = (
				54FB59C326623F15005209DE /* RxMemo!.app */,
			);
			name = Products;
			sourceTree = "<group>";
		};
		54FB59C526623F15005209DE /* RxMemo! */ = {
			isa = PBXGroup;
			children = (
				54A7271F26627D150085E3EC /* Scene */,
				54A7271E26627D010085E3EC /* Service */,
				54A7271D26627CEC0085E3EC /* ViewModel */,
				54A7271C26627CD70085E3EC /* ViewController */,
				54A7271B26627CC30085E3EC /* Model */,
				54FB59C626623F15005209DE /* AppDelegate.swift */,
				54FB59C826623F15005209DE /* SceneDelegate.swift */,
				54FB59D226623F17005209DE /* Assets.xcassets */,
				54FB59D726623F17005209DE /* Info.plist */,
			);
			path = "RxMemo!";
			sourceTree = "<group>";
		};
		7503C9B107FF2C0A424F80AB /* Frameworks */ = {
			isa = PBXGroup;
			children = (
				D6FC2801682DEAF34B8AA708 /* Pods_RxMemo_.framework */,
			);
			name = Frameworks;
			sourceTree = "<group>";
		};
/* End PBXGroup section */

/* Begin PBXNativeTarget section */
		54FB59C226623F15005209DE /* RxMemo! */ = {
			isa = PBXNativeTarget;
			buildConfigurationList = 54FB59DA26623F17005209DE /* Build configuration list for PBXNativeTarget "RxMemo!" */;
			buildPhases = (
				90CF071AC684C929F44491BA /* [CP] Check Pods Manifest.lock */,
				54FB59BF26623F15005209DE /* Sources */,
				54FB59C026623F15005209DE /* Frameworks */,
				54FB59C126623F15005209DE /* Resources */,
				6F00E814D5725CB656A2A2BF /* [CP] Embed Pods Frameworks */,
			);
			buildRules = (
			);
			dependencies = (
			);
			name = "RxMemo!";
			productName = "RxMemo!";
			productReference = 54FB59C326623F15005209DE /* RxMemo!.app */;
			productType = "com.apple.product-type.application";
		};
/* End PBXNativeTarget section */

/* Begin PBXProject section */
		54FB59BB26623F15005209DE /* Project object */ = {
			isa = PBXProject;
			attributes = {
				LastSwiftUpdateCheck = 1230;
				LastUpgradeCheck = 1230;
				TargetAttributes = {
					54FB59C226623F15005209DE = {
						CreatedOnToolsVersion = 12.3;
					};
				};
			};
			buildConfigurationList = 54FB59BE26623F15005209DE /* Build configuration list for PBXProject "RxMemo!" */;
			compatibilityVersion = "Xcode 9.3";
			developmentRegion = en;
			hasScannedForEncodings = 0;
			knownRegions = (
				en,
				Base,
			);
			mainGroup = 54FB59BA26623F15005209DE;
			productRefGroup = 54FB59C426623F15005209DE /* Products */;
			projectDirPath = "";
			projectRoot = "";
			targets = (
				54FB59C226623F15005209DE /* RxMemo! */,
			);
		};
/* End PBXProject section */

/* Begin PBXResourcesBuildPhase section */
		54FB59C126623F15005209DE /* Resources */ = {
			isa = PBXResourcesBuildPhase;
			buildActionMask = 2147483647;
			files = (
				54FB59D626623F17005209DE /* LaunchScreen.storyboard in Resources */,
				54FB59D326623F17005209DE /* Assets.xcassets in Resources */,
				54FB59CE26623F15005209DE /* Main.storyboard in Resources */,
			);
			runOnlyForDeploymentPostprocessing = 0;
		};
/* End PBXResourcesBuildPhase section */

/* Begin PBXShellScriptBuildPhase section */
		6F00E814D5725CB656A2A2BF /* [CP] Embed Pods Frameworks */ = {
			isa = PBXShellScriptBuildPhase;
			buildActionMask = 2147483647;
			files = (
			);
			inputFileListPaths = (
				"${PODS_ROOT}/Target Support Files/Pods-RxMemo!/Pods-RxMemo!-frameworks-${CONFIGURATION}-input-files.xcfilelist",
			);
			name = "[CP] Embed Pods Frameworks";
			outputFileListPaths = (
				"${PODS_ROOT}/Target Support Files/Pods-RxMemo!/Pods-RxMemo!-frameworks-${CONFIGURATION}-output-files.xcfilelist",
			);
			runOnlyForDeploymentPostprocessing = 0;
			shellPath = /bin/sh;
			shellScript = "\"${PODS_ROOT}/Target Support Files/Pods-RxMemo!/Pods-RxMemo!-frameworks.sh\"\n";
			showEnvVarsInLog = 0;
		};
		90CF071AC684C929F44491BA /* [CP] Check Pods Manifest.lock */ = {
			isa = PBXShellScriptBuildPhase;
			buildActionMask = 2147483647;
			files = (
			);
			inputFileListPaths = (
			);
			inputPaths = (
				"${PODS_PODFILE_DIR_PATH}/Podfile.lock",
				"${PODS_ROOT}/Manifest.lock",
			);
			name = "[CP] Check Pods Manifest.lock";
			outputFileListPaths = (
			);
			outputPaths = (
				"$(DERIVED_FILE_DIR)/Pods-RxMemo!-checkManifestLockResult.txt",
			);
			runOnlyForDeploymentPostprocessing = 0;
			shellPath = /bin/sh;
			shellScript = "diff \"${PODS_PODFILE_DIR_PATH}/Podfile.lock\" \"${PODS_ROOT}/Manifest.lock\" > /dev/null\nif [ $? != 0 ] ; then\n    # print error to STDERR\n    echo \"error: The sandbox is not in sync with the Podfile.lock. Run 'pod install' or update your CocoaPods installation.\" >&2\n    exit 1\nfi\n# This output is used by Xcode 'outputs' to avoid re-running this script phase.\necho \"SUCCESS\" > \"${SCRIPT_OUTPUT_FILE_0}\"\n";
			showEnvVarsInLog = 0;
		};
/* End PBXShellScriptBuildPhase section */

/* Begin PBXSourcesBuildPhase section */
		54FB59BF26623F15005209DE /* Sources */ = {
			isa = PBXSourcesBuildPhase;
			buildActionMask = 2147483647;
			files = (
				54FB59C726623F15005209DE /* AppDelegate.swift in Sources */,
				54A7273D266286CD0085E3EC /* MemoComposeViewModel.swift in Sources */,
				54A72731266285EB0085E3EC /* MemoDetailViewController.swift in Sources */,
				54A72740266287410085E3EC /* ViewModelBindableType.swift in Sources */,
				54A7272526627F790085E3EC /* MemoStorageType.swift in Sources */,
				54FB59C926623F15005209DE /* SceneDelegate.swift in Sources */,
				54FB59D126623F15005209DE /* RxMemo_.xcdatamodeld in Sources */,
				54A7272226627EAF0085E3EC /* Memo.swift in Sources */,
				54A72737266286950085E3EC /* MemoListViewModel.swift in Sources */,
				54A7273A266286C10085E3EC /* MemoDetailViewModel.swift in Sources */,
				54A7272E266285C70085E3EC /* MemoListViewController.swift in Sources */,
				54A72734266286080085E3EC /* MemoComposeViewController.swift in Sources */,
				54A7272A266280400085E3EC /* MemoryStorage.swift in Sources */,
			);
			runOnlyForDeploymentPostprocessing = 0;
		};
/* End PBXSourcesBuildPhase section */

/* Begin PBXVariantGroup section */
		54FB59CC26623F15005209DE /* Main.storyboard */ = {
			isa = PBXVariantGroup;
			children = (
				54FB59CD26623F15005209DE /* Base */,
			);
			name = Main.storyboard;
			sourceTree = "<group>";
		};
		54FB59D426623F17005209DE /* LaunchScreen.storyboard */ = {
			isa = PBXVariantGroup;
			children = (
				54FB59D526623F17005209DE /* Base */,
			);
			name = LaunchScreen.storyboard;
			sourceTree = "<group>";
		};
/* End PBXVariantGroup section */

/* Begin XCBuildConfiguration section */
		54FB59D826623F17005209DE /* Debug */ = {
			isa = XCBuildConfiguration;
			buildSettings = {
				ALWAYS_SEARCH_USER_PATHS = NO;
				CLANG_ANALYZER_NONNULL = YES;
				CLANG_ANALYZER_NUMBER_OBJECT_CONVERSION = YES_AGGRESSIVE;
				CLANG_CXX_LANGUAGE_STANDARD = "gnu++14";
				CLANG_CXX_LIBRARY = "libc++";
				CLANG_ENABLE_MODULES = YES;
				CLANG_ENABLE_OBJC_ARC = YES;
				CLANG_ENABLE_OBJC_WEAK = YES;
				CLANG_WARN_BLOCK_CAPTURE_AUTORELEASING = YES;
				CLANG_WARN_BOOL_CONVERSION = YES;
				CLANG_WARN_COMMA = YES;
				CLANG_WARN_CONSTANT_CONVERSION = YES;
				CLANG_WARN_DEPRECATED_OBJC_IMPLEMENTATIONS = YES;
				CLANG_WARN_DIRECT_OBJC_ISA_USAGE = YES_ERROR;
				CLANG_WARN_DOCUMENTATION_COMMENTS = YES;
				CLANG_WARN_EMPTY_BODY = YES;
				CLANG_WARN_ENUM_CONVERSION = YES;
				CLANG_WARN_INFINITE_RECURSION = YES;
				CLANG_WARN_INT_CONVERSION = YES;
				CLANG_WARN_NON_LITERAL_NULL_CONVERSION = YES;
				CLANG_WARN_OBJC_IMPLICIT_RETAIN_SELF = YES;
				CLANG_WARN_OBJC_LITERAL_CONVERSION = YES;
				CLANG_WARN_OBJC_ROOT_CLASS = YES_ERROR;
				CLANG_WARN_QUOTED_INCLUDE_IN_FRAMEWORK_HEADER = YES;
				CLANG_WARN_RANGE_LOOP_ANALYSIS = YES;
				CLANG_WARN_STRICT_PROTOTYPES = YES;
				CLANG_WARN_SUSPICIOUS_MOVE = YES;
				CLANG_WARN_UNGUARDED_AVAILABILITY = YES_AGGRESSIVE;
				CLANG_WARN_UNREACHABLE_CODE = YES;
				CLANG_WARN__DUPLICATE_METHOD_MATCH = YES;
				COPY_PHASE_STRIP = NO;
				DEBUG_INFORMATION_FORMAT = dwarf;
				ENABLE_STRICT_OBJC_MSGSEND = YES;
				ENABLE_TESTABILITY = YES;
				GCC_C_LANGUAGE_STANDARD = gnu11;
				GCC_DYNAMIC_NO_PIC = NO;
				GCC_NO_COMMON_BLOCKS = YES;
				GCC_OPTIMIZATION_LEVEL = 0;
				GCC_PREPROCESSOR_DEFINITIONS = (
					"DEBUG=1",
					"$(inherited)",
				);
				GCC_WARN_64_TO_32_BIT_CONVERSION = YES;
				GCC_WARN_ABOUT_RETURN_TYPE = YES_ERROR;
				GCC_WARN_UNDECLARED_SELECTOR = YES;
				GCC_WARN_UNINITIALIZED_AUTOS = YES_AGGRESSIVE;
				GCC_WARN_UNUSED_FUNCTION = YES;
				GCC_WARN_UNUSED_VARIABLE = YES;
				IPHONEOS_DEPLOYMENT_TARGET = 14.3;
				MTL_ENABLE_DEBUG_INFO = INCLUDE_SOURCE;
				MTL_FAST_MATH = YES;
				ONLY_ACTIVE_ARCH = YES;
				SDKROOT = iphoneos;
				SWIFT_ACTIVE_COMPILATION_CONDITIONS = DEBUG;
				SWIFT_OPTIMIZATION_LEVEL = "-Onone";
			};
			name = Debug;
		};
		54FB59D926623F17005209DE /* Release */ = {
			isa = XCBuildConfiguration;
			buildSettings = {
				ALWAYS_SEARCH_USER_PATHS = NO;
				CLANG_ANALYZER_NONNULL = YES;
				CLANG_ANALYZER_NUMBER_OBJECT_CONVERSION = YES_AGGRESSIVE;
				CLANG_CXX_LANGUAGE_STANDARD = "gnu++14";
				CLANG_CXX_LIBRARY = "libc++";
				CLANG_ENABLE_MODULES = YES;
				CLANG_ENABLE_OBJC_ARC = YES;
				CLANG_ENABLE_OBJC_WEAK = YES;
				CLANG_WARN_BLOCK_CAPTURE_AUTORELEASING = YES;
				CLANG_WARN_BOOL_CONVERSION = YES;
				CLANG_WARN_COMMA = YES;
				CLANG_WARN_CONSTANT_CONVERSION = YES;
				CLANG_WARN_DEPRECATED_OBJC_IMPLEMENTATIONS = YES;
				CLANG_WARN_DIRECT_OBJC_ISA_USAGE = YES_ERROR;
				CLANG_WARN_DOCUMENTATION_COMMENTS = YES;
				CLANG_WARN_EMPTY_BODY = YES;
				CLANG_WARN_ENUM_CONVERSION = YES;
				CLANG_WARN_INFINITE_RECURSION = YES;
				CLANG_WARN_INT_CONVERSION = YES;
				CLANG_WARN_NON_LITERAL_NULL_CONVERSION = YES;
				CLANG_WARN_OBJC_IMPLICIT_RETAIN_SELF = YES;
				CLANG_WARN_OBJC_LITERAL_CONVERSION = YES;
				CLANG_WARN_OBJC_ROOT_CLASS = YES_ERROR;
				CLANG_WARN_QUOTED_INCLUDE_IN_FRAMEWORK_HEADER = YES;
				CLANG_WARN_RANGE_LOOP_ANALYSIS = YES;
				CLANG_WARN_STRICT_PROTOTYPES = YES;
				CLANG_WARN_SUSPICIOUS_MOVE = YES;
				CLANG_WARN_UNGUARDED_AVAILABILITY = YES_AGGRESSIVE;
				CLANG_WARN_UNREACHABLE_CODE = YES;
				CLANG_WARN__DUPLICATE_METHOD_MATCH = YES;
				COPY_PHASE_STRIP = NO;
				DEBUG_INFORMATION_FORMAT = "dwarf-with-dsym";
				ENABLE_NS_ASSERTIONS = NO;
				ENABLE_STRICT_OBJC_MSGSEND = YES;
				GCC_C_LANGUAGE_STANDARD = gnu11;
				GCC_NO_COMMON_BLOCKS = YES;
				GCC_WARN_64_TO_32_BIT_CONVERSION = YES;
				GCC_WARN_ABOUT_RETURN_TYPE = YES_ERROR;
				GCC_WARN_UNDECLARED_SELECTOR = YES;
				GCC_WARN_UNINITIALIZED_AUTOS = YES_AGGRESSIVE;
				GCC_WARN_UNUSED_FUNCTION = YES;
				GCC_WARN_UNUSED_VARIABLE = YES;
				IPHONEOS_DEPLOYMENT_TARGET = 14.3;
				MTL_ENABLE_DEBUG_INFO = NO;
				MTL_FAST_MATH = YES;
				SDKROOT = iphoneos;
				SWIFT_COMPILATION_MODE = wholemodule;
				SWIFT_OPTIMIZATION_LEVEL = "-O";
				VALIDATE_PRODUCT = YES;
			};
			name = Release;
		};
		54FB59DB26623F17005209DE /* Debug */ = {
			isa = XCBuildConfiguration;
			baseConfigurationReference = 259FDA2D7D5A589B38E306C9 /* Pods-RxMemo!.debug.xcconfig */;
			buildSettings = {
				ASSETCATALOG_COMPILER_APPICON_NAME = AppIcon;
				ASSETCATALOG_COMPILER_GLOBAL_ACCENT_COLOR_NAME = AccentColor;
				CODE_SIGN_STYLE = Automatic;
				INFOPLIST_FILE = "RxMemo!/Info.plist";
				LD_RUNPATH_SEARCH_PATHS = (
					"$(inherited)",
					"@executable_path/Frameworks",
				);
				PRODUCT_BUNDLE_IDENTIFIER = "---------.RxMemo-";
				PRODUCT_NAME = "$(TARGET_NAME)";
				SWIFT_VERSION = 5.0;
				TARGETED_DEVICE_FAMILY = "1,2";
			};
			name = Debug;
		};
		54FB59DC26623F17005209DE /* Release */ = {
			isa = XCBuildConfiguration;
			baseConfigurationReference = 256A93777B5DAF775B443C9C /* Pods-RxMemo!.release.xcconfig */;
			buildSettings = {
				ASSETCATALOG_COMPILER_APPICON_NAME = AppIcon;
				ASSETCATALOG_COMPILER_GLOBAL_ACCENT_COLOR_NAME = AccentColor;
				CODE_SIGN_STYLE = Automatic;
				INFOPLIST_FILE = "RxMemo!/Info.plist";
				LD_RUNPATH_SEARCH_PATHS = (
					"$(inherited)",
					"@executable_path/Frameworks",
				);
				PRODUCT_BUNDLE_IDENTIFIER = "---------.RxMemo-";
				PRODUCT_NAME = "$(TARGET_NAME)";
				SWIFT_VERSION = 5.0;
				TARGETED_DEVICE_FAMILY = "1,2";
			};
			name = Release;
		};
/* End XCBuildConfiguration section */

/* Begin XCConfigurationList section */
		54FB59BE26623F15005209DE /* Build configuration list for PBXProject "RxMemo!" */ = {
			isa = XCConfigurationList;
			buildConfigurations = (
				54FB59D826623F17005209DE /* Debug */,
				54FB59D926623F17005209DE /* Release */,
			);
			defaultConfigurationIsVisible = 0;
			defaultConfigurationName = Release;
		};
		54FB59DA26623F17005209DE /* Build configuration list for PBXNativeTarget "RxMemo!" */ = {
			isa = XCConfigurationList;
			buildConfigurations = (
				54FB59DB26623F17005209DE /* Debug */,
				54FB59DC26623F17005209DE /* Release */,
			);
			defaultConfigurationIsVisible = 0;
			defaultConfigurationName = Release;
		};
/* End XCConfigurationList section */

/* Begin XCVersionGroup section */
		54FB59CF26623F15005209DE /* RxMemo_.xcdatamodeld */ = {
			isa = XCVersionGroup;
			children = (
				54FB59D026623F15005209DE /* RxMemo_.xcdatamodel */,
			);
			currentVersion = 54FB59D026623F15005209DE /* RxMemo_.xcdatamodel */;
			path = RxMemo_.xcdatamodeld;
			sourceTree = "<group>";
			versionGroupType = wrapper.xcdatamodel;
		};
/* End XCVersionGroup section */
	};
	rootObject = 54FB59BB26623F15005209DE /* Project object */;
}
